
Microsoft Visual Studio Solution File, Format Version 12.00
# Visual Studio Version 17
VisualStudioVersion = 17.4.33213.308
MinimumVisualStudioVersion = 10.0.40219.1
Project("{9A19103F-16F7-4668-BE54-9A1E7A4F7556}") = "MagicAgent", "MagicAgent\MagicAgent.csproj", "{8F70F7C3-B6AA-4146-A849-3E13FAFA5F92}"
EndProject
Project("{2150E333-8FDC-42A3-9474-1A3956D46DE8}") = "Solution Items", "Solution Items", "{6A32E485-D30A-4512-B58D-B5A9F971EA4C}"
	ProjectSection(SolutionItems) = preProject
		.dockerignore = .dockerignore
		.editorconfig = .editorconfig
		.gitattributes = .gitattributes
		.gitignore = .gitignore
		.notes = .notes
		LICENSE = LICENSE
		README.md = README.md
	EndProjectSection
EndProject
Project("{E53339B2-1760-4266-BCC7-CA923CBCF16C}") = "docker-compose", "docker-compose.dcproj", "{17C48E60-646D-4BAF-98FA-C4623DB74A0B}"
EndProject
Global
	GlobalSection(SolutionConfigurationPlatforms) = preSolution
		Debug|Any CPU = Debug|Any CPU
		Release|Any CPU = Release|Any CPU
	EndGlobalSection
	GlobalSection(ProjectConfigurationPlatforms) = postSolution
		{8F70F7C3-B6AA-4146-A849-3E13FAFA5F92}.Debug|Any CPU.ActiveCfg = Debug|Any CPU
		{8F70F7C3-B6AA-4146-A849-3E13FAFA5F92}.Debug|Any CPU.Build.0 = Debug|Any CPU
		{8F70F7C3-B6AA-4146-A849-3E13FAFA5F92}.Release|Any CPU.ActiveCfg = Release|Any CPU
		{8F70F7C3-B6AA-4146-A849-3E13FAFA5F92}.Release|Any CPU.Build.0 = Release|Any CPU
		{17C48E60-646D-4BAF-98FA-C4623DB74A0B}.Debug|Any CPU.ActiveCfg = Debug|Any CPU
		{17C48E60-646D-4BAF-98FA-C4623DB74A0B}.Debug|Any CPU.Build.0 = Debug|Any CPU
		{17C48E60-646D-4BAF-98FA-C4623DB74A0B}.Release|Any CPU.ActiveCfg = Release|Any CPU
		{17C48E60-646D-4BAF-98FA-C4623DB74A0B}.Release|Any CPU.Build.0 = Release|Any CPU
	EndGlobalSection
	GlobalSection(SolutionProperties) = preSolution
		HideSolutionNode = FALSE
	EndGlobalSection
	GlobalSection(ExtensibilityGlobals) = postSolution
		SolutionGuid = {44DD6C0D-878E-4051-AB48-A6FF23C7913E}
	EndGlobalSection
EndGlobal
